{
  "pins" : [
    {
      "identity" : "haishinkit.swift",
      "kind" : "remoteSourceControl",
      "location" : "https://github.com/HaishinKit/HaishinKit.swift",
      "state" : {
        "revision" : "1f5dc201b0ee0e79edd0270d1b6649c7cddf1a1e",
        "version" : "2.2.4"
      }
    },
    {
      "identity" : "logboard",
      "kind" : "remoteSourceControl",
      "location" : "https://github.com/shogo4405/Logboard.git",
      "state" : {
        "revision" : "8f41c63afb903040b77049ee2efa8c257b8c0d50",
        "version" : "2.6.0"
      }
    }
  ],
  "version" : 2
}
